
Microsoft Visual Studio Solution File, Format Version 12.00
# Visual Studio Version 17
VisualStudioVersion = 17.8.34309.116
MinimumVisualStudioVersion = 10.0.40219.1
Project("{E53339B2-1760-4266-BCC7-CA923CBCF16C}") = "docker-compose", "docker-compose.dcproj", "{E4D8F7FB-C474-4E29-A5B9-AAF014121FCE}"
EndProject
Project("{FAE04EC0-301F-11D3-BF4B-00C04F79EFBC}") = "LinkShortenerApi", "LinkShortenerApi\LinkShortenerApi.csproj", "{59400818-E20D-4A1B-A2F7-BA377C27BD85}"
EndProject
Global
	GlobalSection(SolutionConfigurationPlatforms) = preSolution
		Debug|Any CPU = Debug|Any CPU
		Release|Any CPU = Release|Any CPU
	EndGlobalSection
	GlobalSection(ProjectConfigurationPlatforms) = postSolution
		{E4D8F7FB-C474-4E29-A5B9-AAF014121FCE}.Debug|Any CPU.ActiveCfg = Debug|Any CPU
		{E4D8F7FB-C474-4E29-A5B9-AAF014121FCE}.Debug|Any CPU.Build.0 = Debug|Any CPU
		{E4D8F7FB-C474-4E29-A5B9-AAF014121FCE}.Release|Any CPU.ActiveCfg = Release|Any CPU
		{E4D8F7FB-C474-4E29-A5B9-AAF014121FCE}.Release|Any CPU.Build.0 = Release|Any CPU
		{59400818-E20D-4A1B-A2F7-BA377C27BD85}.Debug|Any CPU.ActiveCfg = Debug|Any CPU
		{59400818-E20D-4A1B-A2F7-BA377C27BD85}.Debug|Any CPU.Build.0 = Debug|Any CPU
		{59400818-E20D-4A1B-A2F7-BA377C27BD85}.Release|Any CPU.ActiveCfg = Release|Any CPU
		{59400818-E20D-4A1B-A2F7-BA377C27BD85}.Release|Any CPU.Build.0 = Release|Any CPU
	EndGlobalSection
	GlobalSection(SolutionProperties) = preSolution
		HideSolutionNode = FALSE
	EndGlobalSection
	GlobalSection(ExtensibilityGlobals) = postSolution
		SolutionGuid = {9886FEE5-5B2E-45EF-A350-60661C57DD90}
	EndGlobalSection
EndGlobal
